<?xml version="1.0" encoding="utf-8"?>
<Project ToolsVersion="4.0" xmlns="http://schemas.microsoft.com/developer/msbuild/2003">
  <ItemGroup>
    <Filter Include="Source Files">
      <UniqueIdentifier>{5f04a85d-16ce-43af-ae0f-8abc9c612659}</UniqueIdentifier>
      <Extensions>cpp;c;cxx;rc;def;r;odl;idl;hpj;bat</Extensions>
    </Filter>
    <Filter Include="Resource Files">
      <UniqueIdentifier>{6975d31f-e2bf-4f72-8922-da3190bcb40e}</UniqueIdentifier>
      <Extensions>ico;cur;bmp;dlg;rc2;rct;bin;rgs;gif;jpg;jpeg;jpe</Extensions>
    </Filter>
  </ItemGroup>
  <ItemGroup>
    <ClCompile Include="dx9_d3dxsprite.cpp">
      <Filter>Source Files</Filter>
    </ClCompile>
    <ClCompile Include="MySprite.cpp">
      <Filter>Source Files</Filter>
    </ClCompile>
    <ClCompile Include="MyAnimationSprite.cpp">
      <Filter>Source Files</Filter>
    </ClCompile>
    <ClCompile Include="MyObjectTT.cpp">
      <Filter>Source Files</Filter>
    </ClCompile>
    <ClCompile Include="MyFloor.cpp">
      <Filter>Source Files</Filter>
    </ClCompile>
    <ClCompile Include="MyBack.cpp">
      <Filter>Source Files</Filter>
    </ClCompile>
    <ClCompile Include="MyHp.cpp">
      <Filter>Source Files</Filter>
    </ClCompile>
    <ClCompile Include="MyBObject.cpp">
      <Filter>Source Files</Filter>
    </ClCompile>
    <ClCompile Include="MyBObject2.cpp">
      <Filter>Source Files</Filter>
    </ClCompile>
    <ClCompile Include="MyTopObject.cpp">
      <Filter>Source Files</Filter>
    </ClCompile>
    <ClCompile Include="MyStart.cpp">
      <Filter>Source Files</Filter>
    </ClCompile>
    <ClCompile Include="MyButton.cpp">
      <Filter>Source Files</Filter>
    </ClCompile>
    <ClCompile Include="MyToufu.cpp">
      <Filter>Source Files</Filter>
    </ClCompile>
    <ClCompile Include="MySetBut.cpp">
      <Filter>Source Files</Filter>
    </ClCompile>
    <ClCompile Include="MyBackBut.cpp">
      <Filter>Source Files</Filter>
    </ClCompile>
    <ClCompile Include="MyXBut.cpp">
      <Filter>Source Files</Filter>
    </ClCompile>
    <ClCompile Include="MyNumber.cpp">
      <Filter>Source Files</Filter>
    </ClCompile>
    <ClCompile Include="MyNext.cpp">
      <Filter>Source Files</Filter>
    </ClCompile>
    <ClCompile Include="MyCursor.cpp">
      <Filter>Source Files</Filter>
    </ClCompile>
  </ItemGroup>
  <ItemGroup>
    <Image Include="codesampler.ico">
      <Filter>Resource Files</Filter>
    </Image>
  </ItemGroup>
  <ItemGroup>
    <ResourceCompile Include="dx9_d3dxsprite.rc">
      <Filter>Resource Files</Filter>
    </ResourceCompile>
  </ItemGroup>
  <ItemGroup>
    <ClInclude Include="resource.h">
      <Filter>Resource Files</Filter>
    </ClInclude>
    <ClInclude Include="MySprite.h" />
    <ClInclude Include="MyAnimationSprite.h" />
    <ClInclude Include="MyObjectTT.h" />
    <ClInclude Include="MyFloor.h" />
    <ClInclude Include="MyBack.h" />
    <ClInclude Include="MyHp.h" />
    <ClInclude Include="MyBObject.h" />
    <ClInclude Include="MyBObject2.h" />
    <ClInclude Include="MyTopObject.h" />
    <ClInclude Include="MyStart.h" />
    <ClInclude Include="MyButton.h" />
    <ClInclude Include="MyToufu.h" />
    <ClInclude Include="MySetBut.h" />
    <ClInclude Include="MyBackBut.h" />
    <ClInclude Include="MyXBut.h" />
    <ClInclude Include="MyNumber.h" />
    <ClInclude Include="MyNext.h" />
    <ClInclude Include="MyCursor.h" />
  </ItemGroup>
</Project>